github.com/AleksandrCherepanov/go_telegram v0.0.4 h1:PR/S02+hZ4tuM0wxVHV/op2FphuNA1NpqTqoDYIcfWc=
github.com/AleksandrCherepanov/go_telegram v0.0.4/go.mod h1:AghOqqFncpB28cxFcbIWoe+A/aI+iZnEOgxcf16ajw0=
github.com/gorilla/mux v1.8.0 h1:i40aqfkR1h2SlN9hojwV5ZA91wcXFOvkdNIeFDP5koI=
github.com/gorilla/mux v1.8.0/go.mod h1:DVbg23sWSpFRCP0SfiEN6jmj59UnW/n46BH5rLB71So=
